
Microsoft Visual Studio Solution File, Format Version 12.00
# Visual Studio 15
VisualStudioVersion = 15.0.28010.2003
MinimumVisualStudioVersion = 10.0.40219.1
Project("{FAE04EC0-301F-11D3-BF4B-00C04F79EFBC}") = "ProductManager", "ProductManager\ProductManager.csproj", "{D4CB826C-5585-4A96-B3A0-070567609C41}"
EndProject
Project("{FAE04EC0-301F-11D3-BF4B-00C04F79EFBC}") = "ProductManager.Services", "ProductManager.Services\ProductManager.Services.csproj", "{4B60E25A-7579-4207-8093-EB5C04229BDB}"
EndProject
Project("{FAE04EC0-301F-11D3-BF4B-00C04F79EFBC}") = "ProductManager.DataAccess", "ProductManager.DataAccess\ProductManager.DataAccess.csproj", "{380A2984-460E-45A1-A5EB-4C08D98A9EC9}"
EndProject
Project("{FAE04EC0-301F-11D3-BF4B-00C04F79EFBC}") = "ProductManager.Models", "ProductManager.Models\ProductManager.Models.csproj", "{C9C1BB27-5F4C-4847-A8CD-1012913E4149}"
EndProject
Project("{FAE04EC0-301F-11D3-BF4B-00C04F79EFBC}") = "ProductManager.Contracts", "ProductManager.Contracts\ProductManager.Contracts.csproj", "{04552672-F1F0-46FD-8FBE-4A2DA18D5F75}"
EndProject
Global
	GlobalSection(SolutionConfigurationPlatforms) = preSolution
		Debug|Any CPU = Debug|Any CPU
		Release|Any CPU = Release|Any CPU
	EndGlobalSection
	GlobalSection(ProjectConfigurationPlatforms) = postSolution
		{D4CB826C-5585-4A96-B3A0-070567609C41}.Debug|Any CPU.ActiveCfg = Debug|Any CPU
		{D4CB826C-5585-4A96-B3A0-070567609C41}.Debug|Any CPU.Build.0 = Debug|Any CPU
		{D4CB826C-5585-4A96-B3A0-070567609C41}.Release|Any CPU.ActiveCfg = Release|Any CPU
		{D4CB826C-5585-4A96-B3A0-070567609C41}.Release|Any CPU.Build.0 = Release|Any CPU
		{4B60E25A-7579-4207-8093-EB5C04229BDB}.Debug|Any CPU.ActiveCfg = Debug|Any CPU
		{4B60E25A-7579-4207-8093-EB5C04229BDB}.Debug|Any CPU.Build.0 = Debug|Any CPU
		{4B60E25A-7579-4207-8093-EB5C04229BDB}.Release|Any CPU.ActiveCfg = Release|Any CPU
		{4B60E25A-7579-4207-8093-EB5C04229BDB}.Release|Any CPU.Build.0 = Release|Any CPU
		{380A2984-460E-45A1-A5EB-4C08D98A9EC9}.Debug|Any CPU.ActiveCfg = Debug|Any CPU
		{380A2984-460E-45A1-A5EB-4C08D98A9EC9}.Debug|Any CPU.Build.0 = Debug|Any CPU
		{380A2984-460E-45A1-A5EB-4C08D98A9EC9}.Release|Any CPU.ActiveCfg = Release|Any CPU
		{380A2984-460E-45A1-A5EB-4C08D98A9EC9}.Release|Any CPU.Build.0 = Release|Any CPU
		{C9C1BB27-5F4C-4847-A8CD-1012913E4149}.Debug|Any CPU.ActiveCfg = Debug|Any CPU
		{C9C1BB27-5F4C-4847-A8CD-1012913E4149}.Debug|Any CPU.Build.0 = Debug|Any CPU
		{C9C1BB27-5F4C-4847-A8CD-1012913E4149}.Release|Any CPU.ActiveCfg = Release|Any CPU
		{C9C1BB27-5F4C-4847-A8CD-1012913E4149}.Release|Any CPU.Build.0 = Release|Any CPU
		{04552672-F1F0-46FD-8FBE-4A2DA18D5F75}.Debug|Any CPU.ActiveCfg = Debug|Any CPU
		{04552672-F1F0-46FD-8FBE-4A2DA18D5F75}.Debug|Any CPU.Build.0 = Debug|Any CPU
		{04552672-F1F0-46FD-8FBE-4A2DA18D5F75}.Release|Any CPU.ActiveCfg = Release|Any CPU
		{04552672-F1F0-46FD-8FBE-4A2DA18D5F75}.Release|Any CPU.Build.0 = Release|Any CPU
	EndGlobalSection
	GlobalSection(SolutionProperties) = preSolution
		HideSolutionNode = FALSE
	EndGlobalSection
	GlobalSection(ExtensibilityGlobals) = postSolution
		SolutionGuid = {421DA474-6E8B-47AB-A4AA-87D6DE66523A}
	EndGlobalSection
EndGlobal
